Microsoft Visual Studio Solution File, Format Version 11.00
# Visual Studio 2008

Project("{061D6CD7-BF21-7D86-E286-71F7B599BA9C}") = "ProjectAnubis", "Assembly-CSharp-vs.csproj", "{79C221A1-683C-BBD6-6D9D-C02B8DBA6EF1}"
EndProject
Project("{061D6CD7-BF21-7D86-E286-71F7B599BA9C}") = "ProjectAnubis", "Assembly-CSharp-Editor-vs.csproj", "{059526C8-8D63-9C22-1886-AAC1B8E86A06}"
EndProject
Global
	GlobalSection(SolutionConfigurationPlatforms) = preSolution
		Debug|Any CPU = Debug|Any CPU
		Release|Any CPU = Release|Any CPU
	EndGlobalSection
	GlobalSection(ProjectConfigurationPlatforms) = postSolution
		{79C221A1-683C-BBD6-6D9D-C02B8DBA6EF1}.Debug|Any CPU.ActiveCfg = Debug|Any CPU
		{79C221A1-683C-BBD6-6D9D-C02B8DBA6EF1}.Debug|Any CPU.Build.0 = Debug|Any CPU
		{79C221A1-683C-BBD6-6D9D-C02B8DBA6EF1}.Release|Any CPU.ActiveCfg = Release|Any CPU
		{79C221A1-683C-BBD6-6D9D-C02B8DBA6EF1}.Release|Any CPU.Build.0 = Release|Any CPU
		{059526C8-8D63-9C22-1886-AAC1B8E86A06}.Debug|Any CPU.ActiveCfg = Debug|Any CPU
		{059526C8-8D63-9C22-1886-AAC1B8E86A06}.Debug|Any CPU.Build.0 = Debug|Any CPU
		{059526C8-8D63-9C22-1886-AAC1B8E86A06}.Release|Any CPU.ActiveCfg = Release|Any CPU
		{059526C8-8D63-9C22-1886-AAC1B8E86A06}.Release|Any CPU.Build.0 = Release|Any CPU
	EndGlobalSection
	GlobalSection(SolutionProperties) = preSolution
		HideSolutionNode = FALSE
	EndGlobalSection
																																																																																																				GlobalSection(MonoDevelopProperties) = preSolution
		StartupItem = Assembly-CSharp.csproj
		Policies = $0
		$0.TextStylePolicy = $1
		$1.inheritsSet = null
		$1.scope = text/x-csharp
		$0.CSharpFormattingPolicy = $2
		$2.inheritsSet = Mono
		$2.inheritsScope = text/x-csharp
		$2.scope = text/x-csharp
		$0.TextStylePolicy = $3
		$3.FileWidth = 120
		$3.TabWidth = 4
		$3.IndentWidth = 4
		$3.EolMarker = Unix
		$3.inheritsSet = Mono
		$3.inheritsScope = text/plain
		$3.scope = text/plain
	EndGlobalSection

EndGlobal
